PODS:
  - MGJRouter (0.10.0)
  - ModuleRouter (0.0.2):
    - MGJRouter

DEPENDENCIES:
  - ModuleRouter

SPEC REPOS:
  https://github.com/cocoapods/specs.git:
    - MGJRouter
    - ModuleRouter

SPEC CHECKSUMS:
  MGJRouter: 15d94541eb2cc81eff7d577337288feb7ae9575f
  ModuleRouter: ee1339442f683354e49ffd6f120f03044af4f044

PODFILE CHECKSUM: 259f8815a945971b9fd6788f849d2977092fcf68

COCOAPODS: 1.5.3
